
Microsoft Visual Studio Solution File, Format Version 12.00
# Visual Studio 15
VisualStudioVersion = 15.0.27703.2026
MinimumVisualStudioVersion = 10.0.40219.1
Project("{FAE04EC0-301F-11D3-BF4B-00C04F79EFBC}") = "SolarCycleSimulator", "SolarCycleSimulator.csproj", "{ACFBA129-9469-44AB-A966-AC197D398950}"
EndProject
Global
	GlobalSection(SolutionConfigurationPlatforms) = preSolution
		Debug|Any CPU = Debug|Any CPU
		Release|Any CPU = Release|Any CPU
	EndGlobalSection
	GlobalSection(ProjectConfigurationPlatforms) = postSolution
		{ACFBA129-9469-44AB-A966-AC197D398950}.Debug|Any CPU.ActiveCfg = Debug|Any CPU
		{ACFBA129-9469-44AB-A966-AC197D398950}.Debug|Any CPU.Build.0 = Debug|Any CPU
		{ACFBA129-9469-44AB-A966-AC197D398950}.Release|Any CPU.ActiveCfg = Release|Any CPU
		{ACFBA129-9469-44AB-A966-AC197D398950}.Release|Any CPU.Build.0 = Release|Any CPU
	EndGlobalSection
	GlobalSection(SolutionProperties) = preSolution
		HideSolutionNode = FALSE
	EndGlobalSection
	GlobalSection(ExtensibilityGlobals) = postSolution
		SolutionGuid = {1644C6B7-AF80-4D78-92EF-59BE1804B30C}
	EndGlobalSection
EndGlobal
